
Microsoft Visual Studio Solution File, Format Version 12.00
# Visual Studio 14
VisualStudioVersion = 14.0.25420.1
MinimumVisualStudioVersion = 10.0.40219.1
Project("{2150E333-8FDC-42A3-9474-1A3956D46DE8}") = "src", "src", "{16797324-785F-4CFA-A71A-48E977922164}"
EndProject
Project("{2150E333-8FDC-42A3-9474-1A3956D46DE8}") = "Solution Items", "Solution Items", "{674DC91B-47BB-499C-8F31-BC5D86F02B17}"
	ProjectSection(SolutionItems) = preProject
		global.json = global.json
	EndProjectSection
EndProject
Project("{8BB2217D-0F2D-49D1-97BC-3654ED321F3B}") = "MyPortfolio", "src\MyPortfolio\MyPortfolio.xproj", "{051107A7-4827-4096-9746-5DFDAF698620}"
EndProject
Project("{FAE04EC0-301F-11D3-BF4B-00C04F79EFBC}") = "Infrastructure", "Infrastructure\Infrastructure.csproj", "{894E3B96-DF93-4AF9-9E55-BEE8A5DC5C56}"
EndProject
Project("{FAE04EC0-301F-11D3-BF4B-00C04F79EFBC}") = "Core", "Core\Core.csproj", "{7B3D6C7C-8CB1-4463-B4B2-D8BC0AC28AFF}"
EndProject
Global
	GlobalSection(SolutionConfigurationPlatforms) = preSolution
		Debug|Any CPU = Debug|Any CPU
		Release|Any CPU = Release|Any CPU
	EndGlobalSection
	GlobalSection(ProjectConfigurationPlatforms) = postSolution
		{051107A7-4827-4096-9746-5DFDAF698620}.Debug|Any CPU.ActiveCfg = Debug|Any CPU
		{051107A7-4827-4096-9746-5DFDAF698620}.Debug|Any CPU.Build.0 = Debug|Any CPU
		{051107A7-4827-4096-9746-5DFDAF698620}.Release|Any CPU.ActiveCfg = Release|Any CPU
		{051107A7-4827-4096-9746-5DFDAF698620}.Release|Any CPU.Build.0 = Release|Any CPU
		{894E3B96-DF93-4AF9-9E55-BEE8A5DC5C56}.Debug|Any CPU.ActiveCfg = Debug|Any CPU
		{894E3B96-DF93-4AF9-9E55-BEE8A5DC5C56}.Debug|Any CPU.Build.0 = Debug|Any CPU
		{894E3B96-DF93-4AF9-9E55-BEE8A5DC5C56}.Release|Any CPU.ActiveCfg = Release|Any CPU
		{894E3B96-DF93-4AF9-9E55-BEE8A5DC5C56}.Release|Any CPU.Build.0 = Release|Any CPU
		{7B3D6C7C-8CB1-4463-B4B2-D8BC0AC28AFF}.Debug|Any CPU.ActiveCfg = Debug|Any CPU
		{7B3D6C7C-8CB1-4463-B4B2-D8BC0AC28AFF}.Debug|Any CPU.Build.0 = Debug|Any CPU
		{7B3D6C7C-8CB1-4463-B4B2-D8BC0AC28AFF}.Release|Any CPU.ActiveCfg = Release|Any CPU
		{7B3D6C7C-8CB1-4463-B4B2-D8BC0AC28AFF}.Release|Any CPU.Build.0 = Release|Any CPU
	EndGlobalSection
	GlobalSection(SolutionProperties) = preSolution
		HideSolutionNode = FALSE
	EndGlobalSection
	GlobalSection(NestedProjects) = preSolution
		{051107A7-4827-4096-9746-5DFDAF698620} = {16797324-785F-4CFA-A71A-48E977922164}
	EndGlobalSection
EndGlobal
